
Microsoft Visual Studio Solution File, Format Version 12.00
# Visual Studio Version 16
VisualStudioVersion = 16.0.31129.286
MinimumVisualStudioVersion = 10.0.40219.1
Project("{FAE04EC0-301F-11D3-BF4B-00C04F79EFBC}") = "PathFollowing.Main", "PathFollowing.Main\PathFollowing.Main.csproj", "{8DEDF5CE-3768-4111-B3F3-65470767D56E}"
EndProject
Global
	GlobalSection(SolutionConfigurationPlatforms) = preSolution
		Debug|Any CPU = Debug|Any CPU
		Release|Any CPU = Release|Any CPU
	EndGlobalSection
	GlobalSection(ProjectConfigurationPlatforms) = postSolution
		{8DEDF5CE-3768-4111-B3F3-65470767D56E}.Debug|Any CPU.ActiveCfg = Debug|Any CPU
		{8DEDF5CE-3768-4111-B3F3-65470767D56E}.Debug|Any CPU.Build.0 = Debug|Any CPU
		{8DEDF5CE-3768-4111-B3F3-65470767D56E}.Release|Any CPU.ActiveCfg = Release|Any CPU
		{8DEDF5CE-3768-4111-B3F3-65470767D56E}.Release|Any CPU.Build.0 = Release|Any CPU
	EndGlobalSection
	GlobalSection(SolutionProperties) = preSolution
		HideSolutionNode = FALSE
	EndGlobalSection
	GlobalSection(ExtensibilityGlobals) = postSolution
		SolutionGuid = {A08DF9C4-4300-429E-82B6-3407EDDA3E02}
	EndGlobalSection
EndGlobal
